
Microsoft Visual Studio Solution File, Format Version 12.00
# Visual Studio 2013
VisualStudioVersion = 12.0.21005.1
MinimumVisualStudioVersion = 10.0.40219.1
Project("{FAE04EC0-301F-11D3-BF4B-00C04F79EFBC}") = "01.Human-Student-And-Worker", "01.Human-Student-And-Worker\01.Human-Student-And-Worker.csproj", "{B7159935-8BAF-4FE7-8738-5F447495B92F}"
EndProject
Project("{FAE04EC0-301F-11D3-BF4B-00C04F79EFBC}") = "02.Animal", "02.Animals\02.Animal.csproj", "{D18C0E02-A867-4FDA-87FE-FB0A3B0A258A}"
EndProject
Project("{FAE04EC0-301F-11D3-BF4B-00C04F79EFBC}") = "03.CompanyHierarhy", "03.CompanyHierarhy\03.CompanyHierarhy.csproj", "{EDB2054E-97A2-4C87-B5C3-9B6125CF2A95}"
EndProject
Global
	GlobalSection(SolutionConfigurationPlatforms) = preSolution
		Debug|Any CPU = Debug|Any CPU
		Release|Any CPU = Release|Any CPU
	EndGlobalSection
	GlobalSection(ProjectConfigurationPlatforms) = postSolution
		{B7159935-8BAF-4FE7-8738-5F447495B92F}.Debug|Any CPU.ActiveCfg = Debug|Any CPU
		{B7159935-8BAF-4FE7-8738-5F447495B92F}.Debug|Any CPU.Build.0 = Debug|Any CPU
		{B7159935-8BAF-4FE7-8738-5F447495B92F}.Release|Any CPU.ActiveCfg = Release|Any CPU
		{B7159935-8BAF-4FE7-8738-5F447495B92F}.Release|Any CPU.Build.0 = Release|Any CPU
		{D18C0E02-A867-4FDA-87FE-FB0A3B0A258A}.Debug|Any CPU.ActiveCfg = Debug|Any CPU
		{D18C0E02-A867-4FDA-87FE-FB0A3B0A258A}.Debug|Any CPU.Build.0 = Debug|Any CPU
		{D18C0E02-A867-4FDA-87FE-FB0A3B0A258A}.Release|Any CPU.ActiveCfg = Release|Any CPU
		{D18C0E02-A867-4FDA-87FE-FB0A3B0A258A}.Release|Any CPU.Build.0 = Release|Any CPU
		{EDB2054E-97A2-4C87-B5C3-9B6125CF2A95}.Debug|Any CPU.ActiveCfg = Debug|Any CPU
		{EDB2054E-97A2-4C87-B5C3-9B6125CF2A95}.Debug|Any CPU.Build.0 = Debug|Any CPU
		{EDB2054E-97A2-4C87-B5C3-9B6125CF2A95}.Release|Any CPU.ActiveCfg = Release|Any CPU
		{EDB2054E-97A2-4C87-B5C3-9B6125CF2A95}.Release|Any CPU.Build.0 = Release|Any CPU
	EndGlobalSection
	GlobalSection(SolutionProperties) = preSolution
		HideSolutionNode = FALSE
	EndGlobalSection
EndGlobal
